<?xml version="1.0" encoding="utf-8"?>
<Project ToolsVersion="4.0" xmlns="http://schemas.microsoft.com/developer/msbuild/2003">
  <ItemGroup>
    <Filter Include="Source Files">
      <UniqueIdentifier>{4FC737F1-C7A5-4376-A066-2A32D752A2FF}</UniqueIdentifier>
      <Extensions>cpp;c;cc;cxx;def;odl;idl;hpj;bat;asm;asmx</Extensions>
    </Filter>
    <Filter Include="Header Files">
      <UniqueIdentifier>{93995380-89BD-4b04-88EB-625FBE52EBFB}</UniqueIdentifier>
      <Extensions>h;hh;hpp;hxx;hm;inl;inc;xsd</Extensions>
    </Filter>
    <Filter Include="Resource Files">
      <UniqueIdentifier>{67DA6AB6-F800-4c08-8B7A-83BB121AAD01}</UniqueIdentifier>
      <Extensions>rc;ico;cur;bmp;dlg;rc2;rct;bin;rgs;gif;jpg;jpeg;jpe;resx;tiff;tif;png;wav</Extensions>
    </Filter>
  </ItemGroup>
  <ItemGroup>
    <ClCompile Include="AssertException.cpp">
      <Filter>Source Files</Filter>
    </ClCompile>
    <ClCompile Include="Checks.cpp">
      <Filter>Source Files</Filter>
    </ClCompile>
    <ClCompile Include="CompositeTestReporter.cpp">
      <Filter>Source Files</Filter>
    </ClCompile>
    <ClCompile Include="CurrentTest.cpp">
      <Filter>Source Files</Filter>
    </ClCompile>
    <ClCompile Include="DeferredTestReporter.cpp">
      <Filter>Source Files</Filter>
    </ClCompile>
    <ClCompile Include="DeferredTestResult.cpp">
      <Filter>Source Files</Filter>
    </ClCompile>
    <ClCompile Include="MemoryOutStream.cpp">
      <Filter>Source Files</Filter>
    </ClCompile>
    <ClCompile Include="ReportAssert.cpp">
      <Filter>Source Files</Filter>
    </ClCompile>
    <ClCompile Include="RequiredCheckException.cpp">
      <Filter>Source Files</Filter>
    </ClCompile>
    <ClCompile Include="RequiredCheckTestReporter.cpp">
      <Filter>Source Files</Filter>
    </ClCompile>
    <ClCompile Include="Test.cpp">
      <Filter>Source Files</Filter>
    </ClCompile>
    <ClCompile Include="TestDetails.cpp">
      <Filter>Source Files</Filter>
    </ClCompile>
    <ClCompile Include="TestList.cpp">
      <Filter>Source Files</Filter>
    </ClCompile>
    <ClCompile Include="TestReporter.cpp">
      <Filter>Source Files</Filter>
    </ClCompile>
    <ClCompile Include="TestReporterStdout.cpp">
      <Filter>Source Files</Filter>
    </ClCompile>
    <ClCompile Include="TestResults.cpp">
      <Filter>Source Files</Filter>
    </ClCompile>
    <ClCompile Include="TestRunner.cpp">
      <Filter>Source Files</Filter>
    </ClCompile>
    <ClCompile Include="ThrowingTestReporter.cpp">
      <Filter>Source Files</Filter>
    </ClCompile>
    <ClCompile Include="TimeConstraint.cpp">
      <Filter>Source Files</Filter>
    </ClCompile>
    <ClCompile Include="XmlTestReporter.cpp">
      <Filter>Source Files</Filter>
    </ClCompile>
    <ClCompile Include="win32\TimeHelpers.cpp">
      <Filter>Source Files</Filter>
    </ClCompile>
  </ItemGroup>
  <ItemGroup>
    <ClInclude Include="AssertException.h">
      <Filter>Header Files</Filter>
    </ClInclude>
    <ClInclude Include="CheckMacros.h">
      <Filter>Header Files</Filter>
    </ClInclude>
    <ClInclude Include="Checks.h">
      <Filter>Header Files</Filter>
    </ClInclude>
    <ClInclude Include="CompositeTestReporter.h">
      <Filter>Header Files</Filter>
    </ClInclude>
    <ClInclude Include="Config.h">
      <Filter>Header Files</Filter>
    </ClInclude>
    <ClInclude Include="CurrentTest.h">
      <Filter>Header Files</Filter>
    </ClInclude>
    <ClInclude Include="DeferredTestReporter.h">
      <Filter>Header Files</Filter>
    </ClInclude>
    <ClInclude Include="DeferredTestResult.h">
      <Filter>Header Files</Filter>
    </ClInclude>
    <ClInclude Include="ExceptionMacros.h">
      <Filter>Header Files</Filter>
    </ClInclude>
    <ClInclude Include="ExecuteTest.h">
      <Filter>Header Files</Filter>
    </ClInclude>
    <ClInclude Include="HelperMacros.h">
      <Filter>Header Files</Filter>
    </ClInclude>
    <ClInclude Include="MemoryOutStream.h">
      <Filter>Header Files</Filter>
    </ClInclude>
    <ClInclude Include="ReportAssert.h">
      <Filter>Header Files</Filter>
    </ClInclude>
    <ClInclude Include="ReportAssertImpl.h">
      <Filter>Header Files</Filter>
    </ClInclude>
    <ClInclude Include="RequiredCheckException.h">
      <Filter>Header Files</Filter>
    </ClInclude>
    <ClInclude Include="RequiredCheckTestReporter.h">
      <Filter>Header Files</Filter>
    </ClInclude>
    <ClInclude Include="RequireMacros.h">
      <Filter>Header Files</Filter>
    </ClInclude>
    <ClInclude Include="Test.h">
      <Filter>Header Files</Filter>
    </ClInclude>
    <ClInclude Include="TestDetails.h">
      <Filter>Header Files</Filter>
    </ClInclude>
    <ClInclude Include="TestList.h">
      <Filter>Header Files</Filter>
    </ClInclude>
    <ClInclude Include="TestMacros.h">
      <Filter>Header Files</Filter>
    </ClInclude>
    <ClInclude Include="TestReporter.h">
      <Filter>Header Files</Filter>
    </ClInclude>
    <ClInclude Include="TestReporterStdout.h">
      <Filter>Header Files</Filter>
    </ClInclude>
    <ClInclude Include="TestResults.h">
      <Filter>Header Files</Filter>
    </ClInclude>
    <ClInclude Include="TestRunner.h">
      <Filter>Header Files</Filter>
    </ClInclude>
    <ClInclude Include="TestSuite.h">
      <Filter>Header Files</Filter>
    </ClInclude>
    <ClInclude Include="ThrowingTestReporter.h">
      <Filter>Header Files</Filter>
    </ClInclude>
    <ClInclude Include="TimeConstraint.h">
      <Filter>Header Files</Filter>
    </ClInclude>
    <ClInclude Include="TimeHelpers.h">
      <Filter>Header Files</Filter>
    </ClInclude>
    <ClInclude Include="UnitTest++.h">
      <Filter>Header Files</Filter>
    </ClInclude>
    <ClInclude Include="UnitTestPP.h">
      <Filter>Header Files</Filter>
    </ClInclude>
    <ClInclude Include="XmlTestReporter.h">
      <Filter>Header Files</Filter>
    </ClInclude>
    <ClInclude Include="win32\TimeHelpers.h">
      <Filter>Header Files</Filter>
    </ClInclude>
  </ItemGroup>
</Project>